
Microsoft Visual Studio Solution File, Format Version 12.00
# Visual Studio 14
VisualStudioVersion = 14.0.23107.0
MinimumVisualStudioVersion = 10.0.40219.1
Project("{FAE04EC0-301F-11D3-BF4B-00C04F79EFBC}") = "VisitorClass", "..\Library\VisitorClass\VisitorClass.csproj", "{27E1BC63-19A8-4092-AADD-4D8EACCBEFD6}"
EndProject
Project("{E24C65DC-7377-472B-9ABA-BC803B73C61A}") = "Website", "..\Website\", "{5B05CDE4-03B6-47C7-9353-D4529C628DA4}"
	ProjectSection(WebsiteProperties) = preProject
		TargetFrameworkMoniker = ".NETFramework,Version%3Dv4.5.2"
		ProjectReferences = "{27e1bc63-19a8-4092-aadd-4d8eaccbefd6}|VisitorClass.dll;"
		Debug.AspNetCompiler.VirtualPath = "/localhost_1347"
		Debug.AspNetCompiler.PhysicalPath = "..\Website\"
		Debug.AspNetCompiler.TargetPath = "PrecompiledWeb\localhost_1347\"
		Debug.AspNetCompiler.Updateable = "true"
		Debug.AspNetCompiler.ForceOverwrite = "true"
		Debug.AspNetCompiler.FixedNames = "false"
		Debug.AspNetCompiler.Debug = "True"
		Release.AspNetCompiler.VirtualPath = "/localhost_1347"
		Release.AspNetCompiler.PhysicalPath = "..\Website\"
		Release.AspNetCompiler.TargetPath = "PrecompiledWeb\localhost_1347\"
		Release.AspNetCompiler.Updateable = "true"
		Release.AspNetCompiler.ForceOverwrite = "true"
		Release.AspNetCompiler.FixedNames = "false"
		Release.AspNetCompiler.Debug = "False"
		VWDPort = "1347"
		SlnRelativePath = "..\Website\"
		DefaultWebSiteLanguage = "Visual C#"
	EndProjectSection
EndProject
Global
	GlobalSection(SolutionConfigurationPlatforms) = preSolution
		Debug|Any CPU = Debug|Any CPU
		Release|Any CPU = Release|Any CPU
	EndGlobalSection
	GlobalSection(ProjectConfigurationPlatforms) = postSolution
		{27E1BC63-19A8-4092-AADD-4D8EACCBEFD6}.Debug|Any CPU.ActiveCfg = Debug|Any CPU
		{27E1BC63-19A8-4092-AADD-4D8EACCBEFD6}.Debug|Any CPU.Build.0 = Debug|Any CPU
		{27E1BC63-19A8-4092-AADD-4D8EACCBEFD6}.Release|Any CPU.ActiveCfg = Release|Any CPU
		{27E1BC63-19A8-4092-AADD-4D8EACCBEFD6}.Release|Any CPU.Build.0 = Release|Any CPU
		{5B05CDE4-03B6-47C7-9353-D4529C628DA4}.Debug|Any CPU.ActiveCfg = Debug|Any CPU
		{5B05CDE4-03B6-47C7-9353-D4529C628DA4}.Debug|Any CPU.Build.0 = Debug|Any CPU
		{5B05CDE4-03B6-47C7-9353-D4529C628DA4}.Release|Any CPU.ActiveCfg = Debug|Any CPU
		{5B05CDE4-03B6-47C7-9353-D4529C628DA4}.Release|Any CPU.Build.0 = Debug|Any CPU
	EndGlobalSection
	GlobalSection(SolutionProperties) = preSolution
		HideSolutionNode = FALSE
	EndGlobalSection
EndGlobal
